
Microsoft Visual Studio Solution File, Format Version 12.00
# Visual Studio 15
Project("{FAE04EC0-301F-11D3-BF4B-00C04F79EFBC}") = "FlockOfSeagulls", "FlockOfSeagulls\FlockOfSeagulls.csproj", "{491175AA-7600-4447-856A-FA233322AE16}"
EndProject
Global
	GlobalSection(SolutionConfigurationPlatforms) = preSolution
		Debug|Any CPU = Debug|Any CPU
		Release|Any CPU = Release|Any CPU
	EndGlobalSection
	GlobalSection(ProjectConfigurationPlatforms) = postSolution
		{491175AA-7600-4447-856A-FA233322AE16}.Debug|Any CPU.ActiveCfg = Debug|Any CPU
		{491175AA-7600-4447-856A-FA233322AE16}.Debug|Any CPU.Build.0 = Debug|Any CPU
		{491175AA-7600-4447-856A-FA233322AE16}.Release|Any CPU.ActiveCfg = Release|Any CPU
		{491175AA-7600-4447-856A-FA233322AE16}.Release|Any CPU.Build.0 = Release|Any CPU
	EndGlobalSection
EndGlobal
